
Microsoft Visual Studio Solution File, Format Version 12.00
# Visual Studio Version 17
VisualStudioVersion = 17.5.33530.505
MinimumVisualStudioVersion = 10.0.40219.1
Project("{FAE04EC0-301F-11D3-BF4B-00C04F79EFBC}") = "NagaeSimpleWebBrowser", "NagaeSimpleWebBrowser.csproj", "{A74D7FC1-60B2-4DF8-A529-6D3058490ED9}"
EndProject
Global
	GlobalSection(SolutionConfigurationPlatforms) = preSolution
		Debug|Any CPU = Debug|Any CPU
		Release|Any CPU = Release|Any CPU
	EndGlobalSection
	GlobalSection(ProjectConfigurationPlatforms) = postSolution
		{A74D7FC1-60B2-4DF8-A529-6D3058490ED9}.Debug|Any CPU.ActiveCfg = Debug|Any CPU
		{A74D7FC1-60B2-4DF8-A529-6D3058490ED9}.Debug|Any CPU.Build.0 = Debug|Any CPU
		{A74D7FC1-60B2-4DF8-A529-6D3058490ED9}.Release|Any CPU.ActiveCfg = Release|Any CPU
		{A74D7FC1-60B2-4DF8-A529-6D3058490ED9}.Release|Any CPU.Build.0 = Release|Any CPU
	EndGlobalSection
	GlobalSection(SolutionProperties) = preSolution
		HideSolutionNode = FALSE
	EndGlobalSection
	GlobalSection(ExtensibilityGlobals) = postSolution
		SolutionGuid = {BBF970D2-CBE3-4300-AD84-E28500D5842D}
	EndGlobalSection
EndGlobal
